dependencies:
- name: vault
  repository: https://helm.releases.hashicorp.com
  version: 0.29.1
- name: secrets-store-csi-driver
  repository: https://kubernetes-sigs.github.io/secrets-store-csi-driver/charts
  version: 1.4.0
- name: gateway-helm
  repository: oci://registry-1.docker.io/envoyproxy
  version: 1.2.3
- name: cert-manager
  repository: https://charts.jetstack.io
  version: v1.16.2
- name: kubernetes-replicator
  repository: https://helm.mittwald.de
  version: 2.11.1
digest: sha256:0f3b98a141a5eff37a9bcf5ae01ef1dad18dc022f5a8b488f7b6e8a0e73bcf41
generated: "2025-06-19T10:13:30.246089+05:30"
