dependencies:
- name: vault
  repository: https://helm.releases.hashicorp.com
  version: 0.29.1
- name: secrets-store-csi-driver
  repository: https://kubernetes-sigs.github.io/secrets-store-csi-driver/charts
  version: 1.4.0
- name: gateway-helm
  repository: oci://registry-1.docker.io/envoyproxy
  version: 1.2.3
- name: cert-manager
  repository: https://charts.jetstack.io
  version: v1.16.2
digest: sha256:9e11a2fda77dcc44df4b3d73f807c4f9030c36a324f5133a24af7d449729f2dc
generated: "2025-06-17T12:24:37.994436+05:30"
