dependencies:
- name: openchoreo-common
  repository: file://../openchoreo-common
  version: 0.0.0-latest-dev
- name: backstage
  repository: https://backstage.github.io/charts
  version: 2.6.0
- name: common
  repository: oci://registry-1.docker.io/bitnamicharts
  version: 2.10.0
digest: sha256:5d7a2c995a0ee735b92d2751aaa0f285fee7315330f69987c68d43b781e1a8a3
generated: "2025-08-27T18:00:22.946825+05:30"
