dependencies:
- name: fluent-bit
  repository: https://fluent.github.io/helm-charts
  version: 0.54.0
- name: kube-prometheus-stack
  repository: https://prometheus-community.github.io/helm-charts
  version: 82.10.1
- name: opentelemetry-collector
  repository: https://open-telemetry.github.io/opentelemetry-helm-charts
  version: 0.140.0
- name: gateway-operator
  repository: oci://ghcr.io/wso2/api-platform/helm-charts
  version: 0.2.0
digest: sha256:a967d0f97a00d08d34a4dacee81b2628662be3dc35214ef83151f9948d57f403
generated: "2026-03-07T12:17:23.76136456Z"
