dependencies:
- name: fluent-bit
  repository: https://fluent.github.io/helm-charts
  version: 0.56.0
- name: kube-prometheus-stack
  repository: https://prometheus-community.github.io/helm-charts
  version: 81.6.3
- name: opentelemetry-collector
  repository: https://open-telemetry.github.io/opentelemetry-helm-charts
  version: 0.146.1
- name: gateway-operator
  repository: oci://ghcr.io/wso2/api-platform/helm-charts
  version: 0.2.0
digest: sha256:e454b74ab1ec7a6903c427077e6fabe8e51bb5037655b6e6badba2c3a2d0a7e4
generated: "2026-03-12T18:06:25.949728+05:30"
