dependencies:
- name: fluent-bit
  repository: https://fluent.github.io/helm-charts
  version: 0.56.0
- name: kube-prometheus-stack
  repository: https://prometheus-community.github.io/helm-charts
  version: 82.10.3
- name: opentelemetry-collector
  repository: https://open-telemetry.github.io/opentelemetry-helm-charts
  version: 0.146.1
digest: sha256:bb3a81efbde6f87c7c77854ccda151217c25ba4b36c4ad3655c7fc23eaee034d
generated: "2026-03-13T03:03:11.862030326Z"
