dependencies:
- name: openchoreo-common
  repository: file://../openchoreo-common
  version: 0.0.0-latest-dev
- name: cert-manager
  repository: https://charts.jetstack.io
  version: v1.16.2
digest: sha256:a56f648df093283186c79c2991398631af64777888fe12306af3eaae8d0db56f
generated: "2025-08-27T18:03:49.187904+05:30"
