dependencies:
- name: data-prepper
  repository: https://opensearch-project.github.io/helm-charts/
  version: 0.3.1
- name: external-secrets
  repository: https://charts.external-secrets.io
  version: 0.19.2
- name: fluent-bit
  repository: https://fluent.github.io/helm-charts
  version: 0.55.0
- name: kgateway
  repository: oci://cr.kgateway.dev/kgateway-dev/charts
  version: v2.1.2
- name: kube-prometheus-stack
  repository: https://prometheus-community.github.io/helm-charts
  version: 78.3.0
- name: opensearch
  repository: https://opensearch-project.github.io/helm-charts/
  version: 3.3.0
- name: opentelemetry-collector
  repository: https://open-telemetry.github.io/opentelemetry-helm-charts
  version: 0.140.0
- name: opensearch-dashboards
  repository: https://opensearch-project.github.io/helm-charts/
  version: 3.3.0
digest: sha256:75ef05e7a42c13169eb48861c815766244e0bde364450fad15a8235331c21b90
generated: "2026-01-29T06:47:13.172244202Z"
