dependencies:
- name: data-prepper
  repository: https://opensearch-project.github.io/helm-charts/
  version: 0.3.1
- name: fluent-bit
  repository: https://fluent.github.io/helm-charts
  version: 0.56.0
- name: kube-prometheus-stack
  repository: https://prometheus-community.github.io/helm-charts
  version: 81.6.3
- name: opensearch
  repository: https://opensearch-project.github.io/helm-charts/
  version: 3.3.0
- name: opentelemetry-collector
  repository: https://open-telemetry.github.io/opentelemetry-helm-charts
  version: 0.146.1
- name: opensearch-dashboards
  repository: https://opensearch-project.github.io/helm-charts/
  version: 3.3.0
- name: observability-logs-opensearch
  repository: oci://ghcr.io/openchoreo/charts
  version: 0.3.2
- name: observability-metrics-prometheus
  repository: oci://ghcr.io/openchoreo/charts
  version: 0.2.2
- name: observability-tracing-opensearch
  repository: oci://ghcr.io/openchoreo/charts
  version: 0.3.3
digest: sha256:f0f4f855a814641040ee5562c1915e6fd13ed2d4de094674ac541d2e07ea49e1
generated: "2026-03-07T16:37:05.613629+05:30"
