dependencies:
- name: data-prepper
  repository: https://opensearch-project.github.io/helm-charts/
  version: 0.3.1
- name: fluent-bit
  repository: https://fluent.github.io/helm-charts
  version: 0.54.0
- name: kube-prometheus-stack
  repository: https://prometheus-community.github.io/helm-charts
  version: 78.3.0
- name: opensearch
  repository: https://opensearch-project.github.io/helm-charts/
  version: 3.3.0
- name: opentelemetry-collector
  repository: https://open-telemetry.github.io/opentelemetry-helm-charts
  version: 0.146.1
- name: opensearch-dashboards
  repository: https://opensearch-project.github.io/helm-charts/
  version: 3.3.0
- name: observability-logs-opensearch
  repository: oci://ghcr.io/openchoreo/charts
  version: 0.3.2
- name: observability-metrics-prometheus
  repository: oci://ghcr.io/openchoreo/charts
  version: 0.2.2
- name: observability-tracing-opensearch
  repository: oci://ghcr.io/openchoreo/charts
  version: 0.3.3
digest: sha256:e84e87c4ef5b7a0bbd8b8396de7cb4d20260cdae8dd0bc743df1322dc999f460
generated: "2026-03-07T12:17:25.754704129Z"
