dependencies:
- name: openchoreo-common
  repository: file://../openchoreo-common
  version: 0.0.0-latest-dev
- name: argo-workflows
  repository: https://argoproj.github.io/argo-helm
  version: 0.45.2
digest: sha256:979da3bcf0db1ccfd763faf52489d536cc096d298464eda8c83b554c255dea46
generated: "2025-08-27T17:58:19.942325+05:30"
