dependencies:
- name: argo-workflows
  repository: https://argoproj.github.io/argo-helm
  version: 0.47.3
- name: fluent-bit
  repository: https://fluent.github.io/helm-charts
  version: 0.54.0
- name: openbao
  repository: https://openbao.github.io/openbao-helm
  version: 0.4.0
digest: sha256:8a97b16765d5bb46c71e7f57d8ed51904ea2a221b17eb47e64cd561b270d0f06
generated: "2026-02-15T04:00:05.959576992Z"
