dependencies:
- name: argo-workflows
  repository: https://argoproj.github.io/argo-helm
  version: 0.47.2
- name: external-secrets
  repository: https://charts.external-secrets.io
  version: 0.19.2
- name: fluent-bit
  repository: https://fluent.github.io/helm-charts
  version: 0.54.0
digest: sha256:22143083239455eb7ea6b4b5f9b53c804c4cba5c587f0a4a8c2e2ba0e075362f
generated: "2026-02-01T06:19:37.81008074Z"
